// !$*UTF8*$!
{
	archiveVersion = 1;
	classes = {
	};
	objectVersion = 50;
	objects = {

/* Begin PBXBuildFile section */
		09112BF8258A628C00428B9C /* TaskTableSource.swift in Sources */ = {isa = PBXBuildFile; fileRef = 09112BF7258A628C00428B9C /* TaskTableSource.swift */; };
		096F0683257EBF3300A55352 /* AppDelegate.swift in Sources */ = {isa = PBXBuildFile; fileRef = 096F0682257EBF3300A55352 /* AppDelegate.swift */; };
		096F0685257EBF3300A55352 /* SceneDelegate.swift in Sources */ = {isa = PBXBuildFile; fileRef = 096F0684257EBF3300A55352 /* SceneDelegate.swift */; };
		096F0687257EBF3300A55352 /* TaskListController.swift in Sources */ = {isa = PBXBuildFile; fileRef = 096F0686257EBF3300A55352 /* TaskListController.swift */; };
		096F068A257EBF3300A55352 /* Main.storyboard in Resources */ = {isa = PBXBuildFile; fileRef = 096F0688257EBF3300A55352 /* Main.storyboard */; };
		096F068D257EBF3300A55352 /* NewToDoList.xcdatamodeld in Sources */ = {isa = PBXBuildFile; fileRef = 096F068B257EBF3300A55352 /* NewToDoList.xcdatamodeld */; };
		096F068F257EBF3A00A55352 /* Assets.xcassets in Resources */ = {isa = PBXBuildFile; fileRef = 096F068E257EBF3A00A55352 /* Assets.xcassets */; };
		096F0692257EBF3A00A55352 /* LaunchScreen.storyboard in Resources */ = {isa = PBXBuildFile; fileRef = 096F0690257EBF3A00A55352 /* LaunchScreen.storyboard */; };
		096F069B257EC13700A55352 /* TaskViewCell.swift in Sources */ = {isa = PBXBuildFile; fileRef = 096F069A257EC13600A55352 /* TaskViewCell.swift */; };
		096F06A3257EC36C00A55352 /* CoreDataManager.swift in Sources */ = {isa = PBXBuildFile; fileRef = 096F06A2257EC36C00A55352 /* CoreDataManager.swift */; };
		096F06A8257EE13A00A55352 /* TaskDetailsController.swift in Sources */ = {isa = PBXBuildFile; fileRef = 096F06A7257EE13A00A55352 /* TaskDetailsController.swift */; };
		099C26542589488D00D098E3 /* .gitignore in Resources */ = {isa = PBXBuildFile; fileRef = 099C26532589488D00D098E3 /* .gitignore */; };
/* End PBXBuildFile section */

/* Begin PBXFileReference section */
		09112BF7258A628C00428B9C /* TaskTableSource.swift */ = {isa = PBXFileReference; lastKnownFileType = sourcecode.swift; path = TaskTableSource.swift; sourceTree = "<group>"; };
		096F067F257EBF3300A55352 /* NewToDoList.app */ = {isa = PBXFileReference; explicitFileType = wrapper.application; includeInIndex = 0; path = NewToDoList.app; sourceTree = BUILT_PRODUCTS_DIR; };
		096F0682257EBF3300A55352 /* AppDelegate.swift */ = {isa = PBXFileReference; lastKnownFileType = sourcecode.swift; path = AppDelegate.swift; sourceTree = "<group>"; };
		096F0684257EBF3300A55352 /* SceneDelegate.swift */ = {isa = PBXFileReference; lastKnownFileType = sourcecode.swift; path = SceneDelegate.swift; sourceTree = "<group>"; };
		096F0686257EBF3300A55352 /* TaskListController.swift */ = {isa = PBXFileReference; lastKnownFileType = sourcecode.swift; path = TaskListController.swift; sourceTree = "<group>"; };
		096F0689257EBF3300A55352 /* Base */ = {isa = PBXFileReference; lastKnownFileType = file.storyboard; name = Base; path = Base.lproj/Main.storyboard; sourceTree = "<group>"; };
		096F068C257EBF3300A55352 /* NewToDoList.xcdatamodel */ = {isa = PBXFileReference; lastKnownFileType = wrapper.xcdatamodel; path = NewToDoList.xcdatamodel; sourceTree = "<group>"; };
		096F068E257EBF3A00A55352 /* Assets.xcassets */ = {isa = PBXFileReference; lastKnownFileType = folder.assetcatalog; path = Assets.xcassets; sourceTree = "<group>"; };
		096F0691257EBF3A00A55352 /* Base */ = {isa = PBXFileReference; lastKnownFileType = file.storyboard; name = Base; path = Base.lproj/LaunchScreen.storyboard; sourceTree = "<group>"; };
		096F0693257EBF3A00A55352 /* Info.plist */ = {isa = PBXFileReference; lastKnownFileType = text.plist.xml; path = Info.plist; sourceTree = "<group>"; };
		096F069A257EC13600A55352 /* TaskViewCell.swift */ = {isa = PBXFileReference; lastKnownFileType = sourcecode.swift; path = TaskViewCell.swift; sourceTree = "<group>"; };
		096F06A2257EC36C00A55352 /* CoreDataManager.swift */ = {isa = PBXFileReference; lastKnownFileType = sourcecode.swift; path = CoreDataManager.swift; sourceTree = "<group>"; };
		096F06A7257EE13A00A55352 /* TaskDetailsController.swift */ = {isa = PBXFileReference; lastKnownFileType = sourcecode.swift; path = TaskDetailsController.swift; sourceTree = "<group>"; };
		099C26532589488D00D098E3 /* .gitignore */ = {isa = PBXFileReference; lastKnownFileType = text; path = .gitignore; sourceTree = "<group>"; };
/* End PBXFileReference section */

/* Begin PBXFrameworksBuildPhase section */
		096F067C257EBF3300A55352 /* Frameworks */ = {
			isa = PBXFrameworksBuildPhase;
			buildActionMask = 2147483647;
			files = (
			);
			runOnlyForDeploymentPostprocessing = 0;
		};
/* End PBXFrameworksBuildPhase section */

/* Begin PBXGroup section */
		091C333425D3028000D7F5EF /* Models */ = {
			isa = PBXGroup;
			children = (
				096F06A2257EC36C00A55352 /* CoreDataManager.swift */,
			);
			path = Models;
			sourceTree = "<group>";
		};
		096F0676257EBF3300A55352 = {
			isa = PBXGroup;
			children = (
				096F0681257EBF3300A55352 /* NewToDoList */,
				0974EA8925D2FD5400B61202 /* Supporting Files */,
				096F0680257EBF3300A55352 /* Products */,
				099C26532589488D00D098E3 /* .gitignore */,
			);
			sourceTree = "<group>";
		};
		096F0680257EBF3300A55352 /* Products */ = {
			isa = PBXGroup;
			children = (
				096F067F257EBF3300A55352 /* NewToDoList.app */,
			);
			name = Products;
			sourceTree = "<group>";
		};
		096F0681257EBF3300A55352 /* NewToDoList */ = {
			isa = PBXGroup;
			children = (
				091C333425D3028000D7F5EF /* Models */,
				0974EA8725D2FC9E00B61202 /* Views */,
				0974EA8B25D2FD7600B61202 /* Controllers */,
			);
			path = NewToDoList;
			sourceTree = "<group>";
		};
		0974EA8725D2FC9E00B61202 /* Views */ = {
			isa = PBXGroup;
			children = (
				096F0688257EBF3300A55352 /* Main.storyboard */,
				096F0690257EBF3A00A55352 /* LaunchScreen.storyboard */,
				096F069A257EC13600A55352 /* TaskViewCell.swift */,
			);
			path = Views;
			sourceTree = "<group>";
		};
		0974EA8925D2FD5400B61202 /* Supporting Files */ = {
			isa = PBXGroup;
			children = (
				096F0682257EBF3300A55352 /* AppDelegate.swift */,
				096F0684257EBF3300A55352 /* SceneDelegate.swift */,
				096F068E257EBF3A00A55352 /* Assets.xcassets */,
				096F0693257EBF3A00A55352 /* Info.plist */,
				096F068B257EBF3300A55352 /* NewToDoList.xcdatamodeld */,
			);
			path = "Supporting Files";
			sourceTree = "<group>";
		};
		0974EA8B25D2FD7600B61202 /* Controllers */ = {
			isa = PBXGroup;
			children = (
				096F0686257EBF3300A55352 /* TaskListController.swift */,
				096F06A7257EE13A00A55352 /* TaskDetailsController.swift */,
				09112BF7258A628C00428B9C /* TaskTableSource.swift */,
			);
			path = Controllers;
			sourceTree = "<group>";
		};
/* End PBXGroup section */

/* Begin PBXNativeTarget section */
		096F067E257EBF3300A55352 /* NewToDoList */ = {
			isa = PBXNativeTarget;
			buildConfigurationList = 096F0696257EBF3A00A55352 /* Build configuration list for PBXNativeTarget "NewToDoList" */;
			buildPhases = (
				096F067B257EBF3300A55352 /* Sources */,
				096F067C257EBF3300A55352 /* Frameworks */,
				096F067D257EBF3300A55352 /* Resources */,
			);
			buildRules = (
			);
			dependencies = (
			);
			name = NewToDoList;
			productName = NewToDoList;
			productReference = 096F067F257EBF3300A55352 /* NewToDoList.app */;
			productType = "com.apple.product-type.application";
		};
/* End PBXNativeTarget section */

/* Begin PBXProject section */
		096F0677257EBF3300A55352 /* Project object */ = {
			isa = PBXProject;
			attributes = {
				LastSwiftUpdateCheck = 1200;
				LastUpgradeCheck = 1200;
				TargetAttributes = {
					096F067E257EBF3300A55352 = {
						CreatedOnToolsVersion = 12.0.1;
					};
				};
			};
			buildConfigurationList = 096F067A257EBF3300A55352 /* Build configuration list for PBXProject "NewToDoList" */;
			compatibilityVersion = "Xcode 9.3";
			developmentRegion = en;
			hasScannedForEncodings = 0;
			knownRegions = (
				en,
				Base,
			);
			mainGroup = 096F0676257EBF3300A55352;
			productRefGroup = 096F0680257EBF3300A55352 /* Products */;
			projectDirPath = "";
			projectRoot = "";
			targets = (
				096F067E257EBF3300A55352 /* NewToDoList */,
			);
		};
/* End PBXProject section */

/* Begin PBXResourcesBuildPhase section */
		096F067D257EBF3300A55352 /* Resources */ = {
			isa = PBXResourcesBuildPhase;
			buildActionMask = 2147483647;
			files = (
				099C26542589488D00D098E3 /* .gitignore in Resources */,
				096F0692257EBF3A00A55352 /* LaunchScreen.storyboard in Resources */,
				096F068F257EBF3A00A55352 /* Assets.xcassets in Resources */,
				096F068A257EBF3300A55352 /* Main.storyboard in Resources */,
			);
			runOnlyForDeploymentPostprocessing = 0;
		};
/* End PBXResourcesBuildPhase section */

/* Begin PBXSourcesBuildPhase section */
		096F067B257EBF3300A55352 /* Sources */ = {
			isa = PBXSourcesBuildPhase;
			buildActionMask = 2147483647;
			files = (
				096F06A8257EE13A00A55352 /* TaskDetailsController.swift in Sources */,
				096F068D257EBF3300A55352 /* NewToDoList.xcdatamodeld in Sources */,
				096F069B257EC13700A55352 /* TaskViewCell.swift in Sources */,
				09112BF8258A628C00428B9C /* TaskTableSource.swift in Sources */,
				096F0687257EBF3300A55352 /* TaskListController.swift in Sources */,
				096F0683257EBF3300A55352 /* AppDelegate.swift in Sources */,
				096F06A3257EC36C00A55352 /* CoreDataManager.swift in Sources */,
				096F0685257EBF3300A55352 /* SceneDelegate.swift in Sources */,
			);
			runOnlyForDeploymentPostprocessing = 0;
		};
/* End PBXSourcesBuildPhase section */

/* Begin PBXVariantGroup section */
		096F0688257EBF3300A55352 /* Main.storyboard */ = {
			isa = PBXVariantGroup;
			children = (
				096F0689257EBF3300A55352 /* Base */,
			);
			name = Main.storyboard;
			sourceTree = "<group>";
		};
		096F0690257EBF3A00A55352 /* LaunchScreen.storyboard */ = {
			isa = PBXVariantGroup;
			children = (
				096F0691257EBF3A00A55352 /* Base */,
			);
			name = LaunchScreen.storyboard;
			sourceTree = "<group>";
		};
/* End PBXVariantGroup section */

/* Begin XCBuildConfiguration section */
		096F0694257EBF3A00A55352 /* Debug */ = {
			isa = XCBuildConfiguration;
			buildSettings = {
				ALWAYS_SEARCH_USER_PATHS = NO;
				CLANG_ANALYZER_NONNULL = YES;
				CLANG_ANALYZER_NUMBER_OBJECT_CONVERSION = YES_AGGRESSIVE;
				CLANG_CXX_LANGUAGE_STANDARD = "gnu++14";
				CLANG_CXX_LIBRARY = "libc++";
				CLANG_ENABLE_MODULES = YES;
				CLANG_ENABLE_OBJC_ARC = YES;
				CLANG_ENABLE_OBJC_WEAK = YES;
				CLANG_WARN_BLOCK_CAPTURE_AUTORELEASING = YES;
				CLANG_WARN_BOOL_CONVERSION = YES;
				CLANG_WARN_COMMA = YES;
				CLANG_WARN_CONSTANT_CONVERSION = YES;
				CLANG_WARN_DEPRECATED_OBJC_IMPLEMENTATIONS = YES;
				CLANG_WARN_DIRECT_OBJC_ISA_USAGE = YES_ERROR;
				CLANG_WARN_DOCUMENTATION_COMMENTS = YES;
				CLANG_WARN_EMPTY_BODY = YES;
				CLANG_WARN_ENUM_CONVERSION = YES;
				CLANG_WARN_INFINITE_RECURSION = YES;
				CLANG_WARN_INT_CONVERSION = YES;
				CLANG_WARN_NON_LITERAL_NULL_CONVERSION = YES;
				CLANG_WARN_OBJC_IMPLICIT_RETAIN_SELF = YES;
				CLANG_WARN_OBJC_LITERAL_CONVERSION = YES;
				CLANG_WARN_OBJC_ROOT_CLASS = YES_ERROR;
				CLANG_WARN_QUOTED_INCLUDE_IN_FRAMEWORK_HEADER = YES;
				CLANG_WARN_RANGE_LOOP_ANALYSIS = YES;
				CLANG_WARN_STRICT_PROTOTYPES = YES;
				CLANG_WARN_SUSPICIOUS_MOVE = YES;
				CLANG_WARN_UNGUARDED_AVAILABILITY = YES_AGGRESSIVE;
				CLANG_WARN_UNREACHABLE_CODE = YES;
				CLANG_WARN__DUPLICATE_METHOD_MATCH = YES;
				COPY_PHASE_STRIP = NO;
				DEBUG_INFORMATION_FORMAT = dwarf;
				ENABLE_STRICT_OBJC_MSGSEND = YES;
				ENABLE_TESTABILITY = YES;
				GCC_C_LANGUAGE_STANDARD = gnu11;
				GCC_DYNAMIC_NO_PIC = NO;
				GCC_NO_COMMON_BLOCKS = YES;
				GCC_OPTIMIZATION_LEVEL = 0;
				GCC_PREPROCESSOR_DEFINITIONS = (
					"DEBUG=1",
					"$(inherited)",
				);
				GCC_WARN_64_TO_32_BIT_CONVERSION = YES;
				GCC_WARN_ABOUT_RETURN_TYPE = YES_ERROR;
				GCC_WARN_UNDECLARED_SELECTOR = YES;
				GCC_WARN_UNINITIALIZED_AUTOS = YES_AGGRESSIVE;
				GCC_WARN_UNUSED_FUNCTION = YES;
				GCC_WARN_UNUSED_VARIABLE = YES;
				IPHONEOS_DEPLOYMENT_TARGET = 14.0;
				MTL_ENABLE_DEBUG_INFO = INCLUDE_SOURCE;
				MTL_FAST_MATH = YES;
				ONLY_ACTIVE_ARCH = YES;
				SDKROOT = iphoneos;
				SWIFT_ACTIVE_COMPILATION_CONDITIONS = DEBUG;
				SWIFT_OPTIMIZATION_LEVEL = "-Onone";
			};
			name = Debug;
		};
		096F0695257EBF3A00A55352 /* Release */ = {
			isa = XCBuildConfiguration;
			buildSettings = {
				ALWAYS_SEARCH_USER_PATHS = NO;
				CLANG_ANALYZER_NONNULL = YES;
				CLANG_ANALYZER_NUMBER_OBJECT_CONVERSION = YES_AGGRESSIVE;
				CLANG_CXX_LANGUAGE_STANDARD = "gnu++14";
				CLANG_CXX_LIBRARY = "libc++";
				CLANG_ENABLE_MODULES = YES;
				CLANG_ENABLE_OBJC_ARC = YES;
				CLANG_ENABLE_OBJC_WEAK = YES;
				CLANG_WARN_BLOCK_CAPTURE_AUTORELEASING = YES;
				CLANG_WARN_BOOL_CONVERSION = YES;
				CLANG_WARN_COMMA = YES;
				CLANG_WARN_CONSTANT_CONVERSION = YES;
				CLANG_WARN_DEPRECATED_OBJC_IMPLEMENTATIONS = YES;
				CLANG_WARN_DIRECT_OBJC_ISA_USAGE = YES_ERROR;
				CLANG_WARN_DOCUMENTATION_COMMENTS = YES;
				CLANG_WARN_EMPTY_BODY = YES;
				CLANG_WARN_ENUM_CONVERSION = YES;
				CLANG_WARN_INFINITE_RECURSION = YES;
				CLANG_WARN_INT_CONVERSION = YES;
				CLANG_WARN_NON_LITERAL_NULL_CONVERSION = YES;
				CLANG_WARN_OBJC_IMPLICIT_RETAIN_SELF = YES;
				CLANG_WARN_OBJC_LITERAL_CONVERSION = YES;
				CLANG_WARN_OBJC_ROOT_CLASS = YES_ERROR;
				CLANG_WARN_QUOTED_INCLUDE_IN_FRAMEWORK_HEADER = YES;
				CLANG_WARN_RANGE_LOOP_ANALYSIS = YES;
				CLANG_WARN_STRICT_PROTOTYPES = YES;
				CLANG_WARN_SUSPICIOUS_MOVE = YES;
				CLANG_WARN_UNGUARDED_AVAILABILITY = YES_AGGRESSIVE;
				CLANG_WARN_UNREACHABLE_CODE = YES;
				CLANG_WARN__DUPLICATE_METHOD_MATCH = YES;
				COPY_PHASE_STRIP = NO;
				DEBUG_INFORMATION_FORMAT = "dwarf-with-dsym";
				ENABLE_NS_ASSERTIONS = NO;
				ENABLE_STRICT_OBJC_MSGSEND = YES;
				GCC_C_LANGUAGE_STANDARD = gnu11;
				GCC_NO_COMMON_BLOCKS = YES;
				GCC_WARN_64_TO_32_BIT_CONVERSION = YES;
				GCC_WARN_ABOUT_RETURN_TYPE = YES_ERROR;
				GCC_WARN_UNDECLARED_SELECTOR = YES;
				GCC_WARN_UNINITIALIZED_AUTOS = YES_AGGRESSIVE;
				GCC_WARN_UNUSED_FUNCTION = YES;
				GCC_WARN_UNUSED_VARIABLE = YES;
				IPHONEOS_DEPLOYMENT_TARGET = 14.0;
				MTL_ENABLE_DEBUG_INFO = NO;
				MTL_FAST_MATH = YES;
				SDKROOT = iphoneos;
				SWIFT_COMPILATION_MODE = wholemodule;
				SWIFT_OPTIMIZATION_LEVEL = "-O";
				VALIDATE_PRODUCT = YES;
			};
			name = Release;
		};
		096F0697257EBF3A00A55352 /* Debug */ = {
			isa = XCBuildConfiguration;
			buildSettings = {
				ASSETCATALOG_COMPILER_APPICON_NAME = AppIcon;
				ASSETCATALOG_COMPILER_GLOBAL_ACCENT_COLOR_NAME = AccentColor;
				CODE_SIGN_STYLE = Automatic;
				DEVELOPMENT_TEAM = 2UHZBH8DT3;
				INFOPLIST_FILE = "$(SRCROOT)/Supporting Files/Info.plist";
				LD_RUNPATH_SEARCH_PATHS = (
					"$(inherited)",
					"@executable_path/Frameworks",
				);
				MARKETING_VERSION = 1.0;
				PRODUCT_BUNDLE_IDENTIFIER = com.bobrovko.NewToDoList;
				PRODUCT_NAME = "$(TARGET_NAME)";
				SWIFT_VERSION = 5.0;
				TARGETED_DEVICE_FAMILY = 1;
			};
			name = Debug;
		};
		096F0698257EBF3A00A55352 /* Release */ = {
			isa = XCBuildConfiguration;
			buildSettings = {
				ASSETCATALOG_COMPILER_APPICON_NAME = AppIcon;
				ASSETCATALOG_COMPILER_GLOBAL_ACCENT_COLOR_NAME = AccentColor;
				CODE_SIGN_STYLE = Automatic;
				DEVELOPMENT_TEAM = 2UHZBH8DT3;
				INFOPLIST_FILE = "$(SRCROOT)/Supporting Files/Info.plist";
				LD_RUNPATH_SEARCH_PATHS = (
					"$(inherited)",
					"@executable_path/Frameworks",
				);
				MARKETING_VERSION = 1.0;
				PRODUCT_BUNDLE_IDENTIFIER = com.bobrovko.NewToDoList;
				PRODUCT_NAME = "$(TARGET_NAME)";
				SWIFT_VERSION = 5.0;
				TARGETED_DEVICE_FAMILY = 1;
			};
			name = Release;
		};
/* End XCBuildConfiguration section */

/* Begin XCConfigurationList section */
		096F067A257EBF3300A55352 /* Build configuration list for PBXProject "NewToDoList" */ = {
			isa = XCConfigurationList;
			buildConfigurations = (
				096F0694257EBF3A00A55352 /* Debug */,
				096F0695257EBF3A00A55352 /* Release */,
			);
			defaultConfigurationIsVisible = 0;
			defaultConfigurationName = Release;
		};
		096F0696257EBF3A00A55352 /* Build configuration list for PBXNativeTarget "NewToDoList" */ = {
			isa = XCConfigurationList;
			buildConfigurations = (
				096F0697257EBF3A00A55352 /* Debug */,
				096F0698257EBF3A00A55352 /* Release */,
			);
			defaultConfigurationIsVisible = 0;
			defaultConfigurationName = Release;
		};
/* End XCConfigurationList section */

/* Begin XCVersionGroup section */
		096F068B257EBF3300A55352 /* NewToDoList.xcdatamodeld */ = {
			isa = XCVersionGroup;
			children = (
				096F068C257EBF3300A55352 /* NewToDoList.xcdatamodel */,
			);
			currentVersion = 096F068C257EBF3300A55352 /* NewToDoList.xcdatamodel */;
			path = NewToDoList.xcdatamodeld;
			sourceTree = "<group>";
			versionGroupType = wrapper.xcdatamodel;
		};
/* End XCVersionGroup section */
	};
	rootObject = 096F0677257EBF3300A55352 /* Project object */;
}
